// !$*UTF8*$!
{
	archiveVersion = 1;
	classes = {
	};
	objectVersion = 56;
	objects = {

/* Begin PBXBuildFile section */
		B03B56212DD82CB900CFC138 /* LiftModal in Frameworks */ = {isa = PBXBuildFile; productRef = B03B56202DD82CB900CFC138 /* LiftModal */; };
		B0CCC4EC2DC6105100ABAB40 /* AppDelegate.swift in Sources */ = {isa = PBXBuildFile; fileRef = B0CCC4EB2DC6105100ABAB40 /* AppDelegate.swift */; };
		B0CCC4EE2DC6105100ABAB40 /* SceneDelegate.swift in Sources */ = {isa = PBXBuildFile; fileRef = B0CCC4ED2DC6105100ABAB40 /* SceneDelegate.swift */; };
		B0CCC4F02DC6105100ABAB40 /* UIKitViewController.swift in Sources */ = {isa = PBXBuildFile; fileRef = B0CCC4EF2DC6105100ABAB40 /* UIKitViewController.swift */; };
		B0CCC4F52DC6105200ABAB40 /* Assets.xcassets in Resources */ = {isa = PBXBuildFile; fileRef = B0CCC4F42DC6105200ABAB40 /* Assets.xcassets */; };
		B0CCC4F82DC6105200ABAB40 /* Base in Resources */ = {isa = PBXBuildFile; fileRef = B0CCC4F72DC6105200ABAB40 /* Base */; };
		B0CCC5012DC6108800ABAB40 /* LiftModal in Frameworks */ = {isa = PBXBuildFile; productRef = B0CCC5002DC6108800ABAB40 /* LiftModal */; };
		B0CCC5072DD060B600ABAB40 /* MainTabBarController.swift in Sources */ = {isa = PBXBuildFile; fileRef = B0CCC5062DD060B600ABAB40 /* MainTabBarController.swift */; };
		B0CCC5092DD060DB00ABAB40 /* SwiftUIHostingController.swift in Sources */ = {isa = PBXBuildFile; fileRef = B0CCC5082DD060DB00ABAB40 /* SwiftUIHostingController.swift */; };
		B0CCC50B2DD0616400ABAB40 /* ModalContentView.swift in Sources */ = {isa = PBXBuildFile; fileRef = B0CCC50A2DD0616400ABAB40 /* ModalContentView.swift */; };
/* End PBXBuildFile section */

/* Begin PBXFileReference section */
		B0CCC4E82DC6105100ABAB40 /* LiftModalSample.app */ = {isa = PBXFileReference; explicitFileType = wrapper.application; includeInIndex = 0; path = LiftModalSample.app; sourceTree = BUILT_PRODUCTS_DIR; };
		B0CCC4EB2DC6105100ABAB40 /* AppDelegate.swift */ = {isa = PBXFileReference; lastKnownFileType = sourcecode.swift; path = AppDelegate.swift; sourceTree = "<group>"; };
		B0CCC4ED2DC6105100ABAB40 /* SceneDelegate.swift */ = {isa = PBXFileReference; lastKnownFileType = sourcecode.swift; path = SceneDelegate.swift; sourceTree = "<group>"; };
		B0CCC4EF2DC6105100ABAB40 /* UIKitViewController.swift */ = {isa = PBXFileReference; lastKnownFileType = sourcecode.swift; path = UIKitViewController.swift; sourceTree = "<group>"; };
		B0CCC4F42DC6105200ABAB40 /* Assets.xcassets */ = {isa = PBXFileReference; lastKnownFileType = folder.assetcatalog; path = Assets.xcassets; sourceTree = "<group>"; };
		B0CCC4F72DC6105200ABAB40 /* Base */ = {isa = PBXFileReference; lastKnownFileType = file.storyboard; name = Base; path = Base.lproj/LaunchScreen.storyboard; sourceTree = "<group>"; };
		B0CCC4F92DC6105200ABAB40 /* Info.plist */ = {isa = PBXFileReference; lastKnownFileType = text.plist.xml; path = Info.plist; sourceTree = "<group>"; };
		B0CCC5062DD060B600ABAB40 /* MainTabBarController.swift */ = {isa = PBXFileReference; lastKnownFileType = sourcecode.swift; path = MainTabBarController.swift; sourceTree = "<group>"; };
		B0CCC5082DD060DB00ABAB40 /* SwiftUIHostingController.swift */ = {isa = PBXFileReference; lastKnownFileType = sourcecode.swift; path = SwiftUIHostingController.swift; sourceTree = "<group>"; };
		B0CCC50A2DD0616400ABAB40 /* ModalContentView.swift */ = {isa = PBXFileReference; lastKnownFileType = sourcecode.swift; path = ModalContentView.swift; sourceTree = "<group>"; };
/* End PBXFileReference section */

/* Begin PBXFrameworksBuildPhase section */
		B0CCC4E52DC6105100ABAB40 /* Frameworks */ = {
			isa = PBXFrameworksBuildPhase;
			buildActionMask = 2147483647;
			files = (
				B0CCC5012DC6108800ABAB40 /* LiftModal in Frameworks */,
				B03B56212DD82CB900CFC138 /* LiftModal in Frameworks */,
			);
			runOnlyForDeploymentPostprocessing = 0;
		};
/* End PBXFrameworksBuildPhase section */

/* Begin PBXGroup section */
		B0CCC4DF2DC6105100ABAB40 = {
			isa = PBXGroup;
			children = (
				B0CCC4EA2DC6105100ABAB40 /* LiftModalSample */,
				B0CCC4E92DC6105100ABAB40 /* Products */,
			);
			sourceTree = "<group>";
		};
		B0CCC4E92DC6105100ABAB40 /* Products */ = {
			isa = PBXGroup;
			children = (
				B0CCC4E82DC6105100ABAB40 /* LiftModalSample.app */,
			);
			name = Products;
			sourceTree = "<group>";
		};
		B0CCC4EA2DC6105100ABAB40 /* LiftModalSample */ = {
			isa = PBXGroup;
			children = (
				B0CCC4EB2DC6105100ABAB40 /* AppDelegate.swift */,
				B0CCC4ED2DC6105100ABAB40 /* SceneDelegate.swift */,
				B0CCC4EF2DC6105100ABAB40 /* UIKitViewController.swift */,
				B0CCC5082DD060DB00ABAB40 /* SwiftUIHostingController.swift */,
				B0CCC50A2DD0616400ABAB40 /* ModalContentView.swift */,
				B0CCC5062DD060B600ABAB40 /* MainTabBarController.swift */,
				B0CCC4F42DC6105200ABAB40 /* Assets.xcassets */,
				B0CCC4F62DC6105200ABAB40 /* LaunchScreen.storyboard */,
				B0CCC4F92DC6105200ABAB40 /* Info.plist */,
			);
			path = LiftModalSample;
			sourceTree = "<group>";
		};
/* End PBXGroup section */

/* Begin PBXNativeTarget section */
		B0CCC4E72DC6105100ABAB40 /* LiftModalSample */ = {
			isa = PBXNativeTarget;
			buildConfigurationList = B0CCC4FC2DC6105200ABAB40 /* Build configuration list for PBXNativeTarget "LiftModalSample" */;
			buildPhases = (
				B0CCC4E42DC6105100ABAB40 /* Sources */,
				B0CCC4E52DC6105100ABAB40 /* Frameworks */,
				B0CCC4E62DC6105100ABAB40 /* Resources */,
			);
			buildRules = (
			);
			dependencies = (
			);
			name = LiftModalSample;
			packageProductDependencies = (
				B0CCC5002DC6108800ABAB40 /* LiftModal */,
				B03B56202DD82CB900CFC138 /* LiftModal */,
			);
			productName = LiftModalSample;
			productReference = B0CCC4E82DC6105100ABAB40 /* LiftModalSample.app */;
			productType = "com.apple.product-type.application";
		};
/* End PBXNativeTarget section */

/* Begin PBXProject section */
		B0CCC4E02DC6105100ABAB40 /* Project object */ = {
			isa = PBXProject;
			attributes = {
				BuildIndependentTargetsInParallel = 1;
				LastSwiftUpdateCheck = 1540;
				LastUpgradeCheck = 1540;
				TargetAttributes = {
					B0CCC4E72DC6105100ABAB40 = {
						CreatedOnToolsVersion = 15.4;
					};
				};
			};
			buildConfigurationList = B0CCC4E32DC6105100ABAB40 /* Build configuration list for PBXProject "LiftModalSample" */;
			compatibilityVersion = "Xcode 14.0";
			developmentRegion = en;
			hasScannedForEncodings = 0;
			knownRegions = (
				en,
				Base,
			);
			mainGroup = B0CCC4DF2DC6105100ABAB40;
			packageReferences = (
				B03B561F2DD82CB900CFC138 /* XCRemoteSwiftPackageReference "LiftModal" */,
			);
			productRefGroup = B0CCC4E92DC6105100ABAB40 /* Products */;
			projectDirPath = "";
			projectRoot = "";
			targets = (
				B0CCC4E72DC6105100ABAB40 /* LiftModalSample */,
			);
		};
/* End PBXProject section */

/* Begin PBXResourcesBuildPhase section */
		B0CCC4E62DC6105100ABAB40 /* Resources */ = {
			isa = PBXResourcesBuildPhase;
			buildActionMask = 2147483647;
			files = (
				B0CCC4F52DC6105200ABAB40 /* Assets.xcassets in Resources */,
				B0CCC4F82DC6105200ABAB40 /* Base in Resources */,
			);
			runOnlyForDeploymentPostprocessing = 0;
		};
/* End PBXResourcesBuildPhase section */

/* Begin PBXSourcesBuildPhase section */
		B0CCC4E42DC6105100ABAB40 /* Sources */ = {
			isa = PBXSourcesBuildPhase;
			buildActionMask = 2147483647;
			files = (
				B0CCC4F02DC6105100ABAB40 /* UIKitViewController.swift in Sources */,
				B0CCC4EC2DC6105100ABAB40 /* AppDelegate.swift in Sources */,
				B0CCC50B2DD0616400ABAB40 /* ModalContentView.swift in Sources */,
				B0CCC5092DD060DB00ABAB40 /* SwiftUIHostingController.swift in Sources */,
				B0CCC5072DD060B600ABAB40 /* MainTabBarController.swift in Sources */,
				B0CCC4EE2DC6105100ABAB40 /* SceneDelegate.swift in Sources */,
			);
			runOnlyForDeploymentPostprocessing = 0;
		};
/* End PBXSourcesBuildPhase section */

/* Begin PBXVariantGroup section */
		B0CCC4F62DC6105200ABAB40 /* LaunchScreen.storyboard */ = {
			isa = PBXVariantGroup;
			children = (
				B0CCC4F72DC6105200ABAB40 /* Base */,
			);
			name = LaunchScreen.storyboard;
			sourceTree = "<group>";
		};
/* End PBXVariantGroup section */

/* Begin XCBuildConfiguration section */
		B0CCC4FA2DC6105200ABAB40 /* Debug */ = {
			isa = XCBuildConfiguration;
			buildSettings = {
				ALWAYS_SEARCH_USER_PATHS = NO;
				ASSETCATALOG_COMPILER_GENERATE_SWIFT_ASSET_SYMBOL_EXTENSIONS = YES;
				CLANG_ANALYZER_NONNULL = YES;
				CLANG_ANALYZER_NUMBER_OBJECT_CONVERSION = YES_AGGRESSIVE;
				CLANG_CXX_LANGUAGE_STANDARD = "gnu++20";
				CLANG_ENABLE_MODULES = YES;
				CLANG_ENABLE_OBJC_ARC = YES;
				CLANG_ENABLE_OBJC_WEAK = YES;
				CLANG_WARN_BLOCK_CAPTURE_AUTORELEASING = YES;
				CLANG_WARN_BOOL_CONVERSION = YES;
				CLANG_WARN_COMMA = YES;
				CLANG_WARN_CONSTANT_CONVERSION = YES;
				CLANG_WARN_DEPRECATED_OBJC_IMPLEMENTATIONS = YES;
				CLANG_WARN_DIRECT_OBJC_ISA_USAGE = YES_ERROR;
				CLANG_WARN_DOCUMENTATION_COMMENTS = YES;
				CLANG_WARN_EMPTY_BODY = YES;
				CLANG_WARN_ENUM_CONVERSION = YES;
				CLANG_WARN_INFINITE_RECURSION = YES;
				CLANG_WARN_INT_CONVERSION = YES;
				CLANG_WARN_NON_LITERAL_NULL_CONVERSION = YES;
				CLANG_WARN_OBJC_IMPLICIT_RETAIN_SELF = YES;
				CLANG_WARN_OBJC_LITERAL_CONVERSION = YES;
				CLANG_WARN_OBJC_ROOT_CLASS = YES_ERROR;
				CLANG_WARN_QUOTED_INCLUDE_IN_FRAMEWORK_HEADER = YES;
				CLANG_WARN_RANGE_LOOP_ANALYSIS = YES;
				CLANG_WARN_STRICT_PROTOTYPES = YES;
				CLANG_WARN_SUSPICIOUS_MOVE = YES;
				CLANG_WARN_UNGUARDED_AVAILABILITY = YES_AGGRESSIVE;
				CLANG_WARN_UNREACHABLE_CODE = YES;
				CLANG_WARN__DUPLICATE_METHOD_MATCH = YES;
				COPY_PHASE_STRIP = NO;
				DEBUG_INFORMATION_FORMAT = dwarf;
				ENABLE_STRICT_OBJC_MSGSEND = YES;
				ENABLE_TESTABILITY = YES;
				ENABLE_USER_SCRIPT_SANDBOXING = YES;
				GCC_C_LANGUAGE_STANDARD = gnu17;
				GCC_DYNAMIC_NO_PIC = NO;
				GCC_NO_COMMON_BLOCKS = YES;
				GCC_OPTIMIZATION_LEVEL = 0;
				GCC_PREPROCESSOR_DEFINITIONS = (
					"DEBUG=1",
					"$(inherited)",
				);
				GCC_WARN_64_TO_32_BIT_CONVERSION = YES;
				GCC_WARN_ABOUT_RETURN_TYPE = YES_ERROR;
				GCC_WARN_UNDECLARED_SELECTOR = YES;
				GCC_WARN_UNINITIALIZED_AUTOS = YES_AGGRESSIVE;
				GCC_WARN_UNUSED_FUNCTION = YES;
				GCC_WARN_UNUSED_VARIABLE = YES;
				IPHONEOS_DEPLOYMENT_TARGET = 13.0;
				LOCALIZATION_PREFERS_STRING_CATALOGS = YES;
				MTL_ENABLE_DEBUG_INFO = INCLUDE_SOURCE;
				MTL_FAST_MATH = YES;
				ONLY_ACTIVE_ARCH = YES;
				SDKROOT = iphoneos;
				SWIFT_ACTIVE_COMPILATION_CONDITIONS = "DEBUG $(inherited)";
				SWIFT_OPTIMIZATION_LEVEL = "-Onone";
			};
			name = Debug;
		};
		B0CCC4FB2DC6105200ABAB40 /* Release */ = {
			isa = XCBuildConfiguration;
			buildSettings = {
				ALWAYS_SEARCH_USER_PATHS = NO;
				ASSETCATALOG_COMPILER_GENERATE_SWIFT_ASSET_SYMBOL_EXTENSIONS = YES;
				CLANG_ANALYZER_NONNULL = YES;
				CLANG_ANALYZER_NUMBER_OBJECT_CONVERSION = YES_AGGRESSIVE;
				CLANG_CXX_LANGUAGE_STANDARD = "gnu++20";
				CLANG_ENABLE_MODULES = YES;
				CLANG_ENABLE_OBJC_ARC = YES;
				CLANG_ENABLE_OBJC_WEAK = YES;
				CLANG_WARN_BLOCK_CAPTURE_AUTORELEASING = YES;
				CLANG_WARN_BOOL_CONVERSION = YES;
				CLANG_WARN_COMMA = YES;
				CLANG_WARN_CONSTANT_CONVERSION = YES;
				CLANG_WARN_DEPRECATED_OBJC_IMPLEMENTATIONS = YES;
				CLANG_WARN_DIRECT_OBJC_ISA_USAGE = YES_ERROR;
				CLANG_WARN_DOCUMENTATION_COMMENTS = YES;
				CLANG_WARN_EMPTY_BODY = YES;
				CLANG_WARN_ENUM_CONVERSION = YES;
				CLANG_WARN_INFINITE_RECURSION = YES;
				CLANG_WARN_INT_CONVERSION = YES;
				CLANG_WARN_NON_LITERAL_NULL_CONVERSION = YES;
				CLANG_WARN_OBJC_IMPLICIT_RETAIN_SELF = YES;
				CLANG_WARN_OBJC_LITERAL_CONVERSION = YES;
				CLANG_WARN_OBJC_ROOT_CLASS = YES_ERROR;
				CLANG_WARN_QUOTED_INCLUDE_IN_FRAMEWORK_HEADER = YES;
				CLANG_WARN_RANGE_LOOP_ANALYSIS = YES;
				CLANG_WARN_STRICT_PROTOTYPES = YES;
				CLANG_WARN_SUSPICIOUS_MOVE = YES;
				CLANG_WARN_UNGUARDED_AVAILABILITY = YES_AGGRESSIVE;
				CLANG_WARN_UNREACHABLE_CODE = YES;
				CLANG_WARN__DUPLICATE_METHOD_MATCH = YES;
				COPY_PHASE_STRIP = NO;
				DEBUG_INFORMATION_FORMAT = "dwarf-with-dsym";
				ENABLE_NS_ASSERTIONS = NO;
				ENABLE_STRICT_OBJC_MSGSEND = YES;
				ENABLE_USER_SCRIPT_SANDBOXING = YES;
				GCC_C_LANGUAGE_STANDARD = gnu17;
				GCC_NO_COMMON_BLOCKS = YES;
				GCC_WARN_64_TO_32_BIT_CONVERSION = YES;
				GCC_WARN_ABOUT_RETURN_TYPE = YES_ERROR;
				GCC_WARN_UNDECLARED_SELECTOR = YES;
				GCC_WARN_UNINITIALIZED_AUTOS = YES_AGGRESSIVE;
				GCC_WARN_UNUSED_FUNCTION = YES;
				GCC_WARN_UNUSED_VARIABLE = YES;
				IPHONEOS_DEPLOYMENT_TARGET = 13.0;
				LOCALIZATION_PREFERS_STRING_CATALOGS = YES;
				MTL_ENABLE_DEBUG_INFO = NO;
				MTL_FAST_MATH = YES;
				SDKROOT = iphoneos;
				SWIFT_COMPILATION_MODE = wholemodule;
				VALIDATE_PRODUCT = YES;
			};
			name = Release;
		};
		B0CCC4FD2DC6105200ABAB40 /* Debug */ = {
			isa = XCBuildConfiguration;
			buildSettings = {
				ASSETCATALOG_COMPILER_APPICON_NAME = AppIcon;
				ASSETCATALOG_COMPILER_GLOBAL_ACCENT_COLOR_NAME = AccentColor;
				CODE_SIGN_STYLE = Automatic;
				CURRENT_PROJECT_VERSION = 1;
				DEVELOPMENT_TEAM = 3NNGLKCK57;
				GENERATE_INFOPLIST_FILE = YES;
				INFOPLIST_FILE = LiftModalSample/Info.plist;
				INFOPLIST_KEY_UIApplicationSupportsIndirectInputEvents = YES;
				INFOPLIST_KEY_UILaunchStoryboardName = LaunchScreen;
				INFOPLIST_KEY_UISupportedInterfaceOrientations_iPad = "UIInterfaceOrientationPortrait UIInterfaceOrientationPortraitUpsideDown UIInterfaceOrientationLandscapeLeft UIInterfaceOrientationLandscapeRight";
				INFOPLIST_KEY_UISupportedInterfaceOrientations_iPhone = "UIInterfaceOrientationPortrait UIInterfaceOrientationLandscapeLeft UIInterfaceOrientationLandscapeRight";
				IPHONEOS_DEPLOYMENT_TARGET = 15.0;
				LD_RUNPATH_SEARCH_PATHS = (
					"$(inherited)",
					"@executable_path/Frameworks",
				);
				MARKETING_VERSION = 1.0;
				PRODUCT_BUNDLE_IDENTIFIER = youngwoo.LiftModalSample;
				PRODUCT_NAME = "$(TARGET_NAME)";
				SWIFT_EMIT_LOC_STRINGS = YES;
				SWIFT_VERSION = 5.0;
				TARGETED_DEVICE_FAMILY = "1,2";
			};
			name = Debug;
		};
		B0CCC4FE2DC6105200ABAB40 /* Release */ = {
			isa = XCBuildConfiguration;
			buildSettings = {
				ASSETCATALOG_COMPILER_APPICON_NAME = AppIcon;
				ASSETCATALOG_COMPILER_GLOBAL_ACCENT_COLOR_NAME = AccentColor;
				CODE_SIGN_STYLE = Automatic;
				CURRENT_PROJECT_VERSION = 1;
				DEVELOPMENT_TEAM = 3NNGLKCK57;
				GENERATE_INFOPLIST_FILE = YES;
				INFOPLIST_FILE = LiftModalSample/Info.plist;
				INFOPLIST_KEY_UIApplicationSupportsIndirectInputEvents = YES;
				INFOPLIST_KEY_UILaunchStoryboardName = LaunchScreen;
				INFOPLIST_KEY_UISupportedInterfaceOrientations_iPad = "UIInterfaceOrientationPortrait UIInterfaceOrientationPortraitUpsideDown UIInterfaceOrientationLandscapeLeft UIInterfaceOrientationLandscapeRight";
				INFOPLIST_KEY_UISupportedInterfaceOrientations_iPhone = "UIInterfaceOrientationPortrait UIInterfaceOrientationLandscapeLeft UIInterfaceOrientationLandscapeRight";
				IPHONEOS_DEPLOYMENT_TARGET = 15.0;
				LD_RUNPATH_SEARCH_PATHS = (
					"$(inherited)",
					"@executable_path/Frameworks",
				);
				MARKETING_VERSION = 1.0;
				PRODUCT_BUNDLE_IDENTIFIER = youngwoo.LiftModalSample;
				PRODUCT_NAME = "$(TARGET_NAME)";
				SWIFT_EMIT_LOC_STRINGS = YES;
				SWIFT_VERSION = 5.0;
				TARGETED_DEVICE_FAMILY = "1,2";
			};
			name = Release;
		};
/* End XCBuildConfiguration section */

/* Begin XCConfigurationList section */
		B0CCC4E32DC6105100ABAB40 /* Build configuration list for PBXProject "LiftModalSample" */ = {
			isa = XCConfigurationList;
			buildConfigurations = (
				B0CCC4FA2DC6105200ABAB40 /* Debug */,
				B0CCC4FB2DC6105200ABAB40 /* Release */,
			);
			defaultConfigurationIsVisible = 0;
			defaultConfigurationName = Release;
		};
		B0CCC4FC2DC6105200ABAB40 /* Build configuration list for PBXNativeTarget "LiftModalSample" */ = {
			isa = XCConfigurationList;
			buildConfigurations = (
				B0CCC4FD2DC6105200ABAB40 /* Debug */,
				B0CCC4FE2DC6105200ABAB40 /* Release */,
			);
			defaultConfigurationIsVisible = 0;
			defaultConfigurationName = Release;
		};
/* End XCConfigurationList section */

/* Begin XCRemoteSwiftPackageReference section */
		B03B561F2DD82CB900CFC138 /* XCRemoteSwiftPackageReference "LiftModal" */ = {
			isa = XCRemoteSwiftPackageReference;
			repositoryURL = "https://github.com/kane-young/LiftModal.git";
			requirement = {
				kind = exactVersion;
				version = 1.0.1;
			};
		};
/* End XCRemoteSwiftPackageReference section */

/* Begin XCSwiftPackageProductDependency section */
		B03B56202DD82CB900CFC138 /* LiftModal */ = {
			isa = XCSwiftPackageProductDependency;
			package = B03B561F2DD82CB900CFC138 /* XCRemoteSwiftPackageReference "LiftModal" */;
			productName = LiftModal;
		};
		B0CCC5002DC6108800ABAB40 /* LiftModal */ = {
			isa = XCSwiftPackageProductDependency;
			productName = LiftModal;
		};
/* End XCSwiftPackageProductDependency section */
	};
	rootObject = B0CCC4E02DC6105100ABAB40 /* Project object */;
}
